
Microsoft Visual Studio Solution File, Format Version 12.00
# Visual Studio Version 17
VisualStudioVersion = 17.5.33414.496
MinimumVisualStudioVersion = 10.0.40219.1
Project("{FAE04EC0-301F-11D3-BF4B-00C04F79EFBC}") = "Pet C#metery", "Pet C#metery.csproj", "{8D1EC3B8-1AA7-4EAA-BAFD-DA502CA3B471}"
EndProject
Global
	GlobalSection(SolutionConfigurationPlatforms) = preSolution
		Debug|Any CPU = Debug|Any CPU
		Release|Any CPU = Release|Any CPU
	EndGlobalSection
	GlobalSection(ProjectConfigurationPlatforms) = postSolution
		{8D1EC3B8-1AA7-4EAA-BAFD-DA502CA3B471}.Debug|Any CPU.ActiveCfg = Debug|Any CPU
		{8D1EC3B8-1AA7-4EAA-BAFD-DA502CA3B471}.Debug|Any CPU.Build.0 = Debug|Any CPU
		{8D1EC3B8-1AA7-4EAA-BAFD-DA502CA3B471}.Release|Any CPU.ActiveCfg = Release|Any CPU
		{8D1EC3B8-1AA7-4EAA-BAFD-DA502CA3B471}.Release|Any CPU.Build.0 = Release|Any CPU
	EndGlobalSection
	GlobalSection(SolutionProperties) = preSolution
		HideSolutionNode = FALSE
	EndGlobalSection
	GlobalSection(ExtensibilityGlobals) = postSolution
		SolutionGuid = {FBD558CC-0892-40E0-9369-793C525D3053}
	EndGlobalSection
EndGlobal
